
Microsoft Visual Studio Solution File, Format Version 12.00
# Visual Studio Version 17
VisualStudioVersion = 17.5.33424.131
MinimumVisualStudioVersion = 10.0.40219.1
Project("{8BC9CEB8-8B4A-11D0-8D11-00A0C91BC942}") = "AMC_Engine", "AMC_Engine\AMC_Engine.vcxproj", "{434EFAB0-2381-43E6-9AAB-52F3C306F0D3}"
EndProject
Global
	GlobalSection(SolutionConfigurationPlatforms) = preSolution
		Debug|x64 = Debug|x64
		Debug|x86 = Debug|x86
		Release|x64 = Release|x64
		Release|x86 = Release|x86
	EndGlobalSection
	GlobalSection(ProjectConfigurationPlatforms) = postSolution
		{434EFAB0-2381-43E6-9AAB-52F3C306F0D3}.Debug|x64.ActiveCfg = Debug|x64
		{434EFAB0-2381-43E6-9AAB-52F3C306F0D3}.Debug|x64.Build.0 = Debug|x64
		{434EFAB0-2381-43E6-9AAB-52F3C306F0D3}.Debug|x86.ActiveCfg = Debug|Win32
		{434EFAB0-2381-43E6-9AAB-52F3C306F0D3}.Debug|x86.Build.0 = Debug|Win32
		{434EFAB0-2381-43E6-9AAB-52F3C306F0D3}.Release|x64.ActiveCfg = Release|x64
		{434EFAB0-2381-43E6-9AAB-52F3C306F0D3}.Release|x64.Build.0 = Release|x64
		{434EFAB0-2381-43E6-9AAB-52F3C306F0D3}.Release|x86.ActiveCfg = Release|Win32
		{434EFAB0-2381-43E6-9AAB-52F3C306F0D3}.Release|x86.Build.0 = Release|Win32
	EndGlobalSection
	GlobalSection(SolutionProperties) = preSolution
		HideSolutionNode = FALSE
	EndGlobalSection
	GlobalSection(ExtensibilityGlobals) = postSolution
		SolutionGuid = {5131E6DC-43F8-439A-B74A-A498D34289F9}
	EndGlobalSection
EndGlobal
